# THIS IS AN AUTOGENERATED FILE. DO NOT EDIT THIS FILE DIRECTLY.
# yarn lockfile v1


"@aashutoshrathi/word-wrap@^1.2.3":
  version "1.2.6"
  resolved "https://registry.yarnpkg.com/@aashutoshrathi/word-wrap/-/word-wrap-1.2.6.tgz#bd9154aec9983f77b3a034ecaa015c2e4201f6cf"
  integrity sha512-1Yjs2SvM8TflER/OD3cOjhWWOZb58A2t7wpE2S9XfBYTiIl+XFhQG2bjy4Pu1I+EAlCNUzRDYDdFwFYUKvXcIA==

"@ampproject/remapping@^2.2.0":
  version "2.2.1"
  resolved "https://registry.yarnpkg.com/@ampproject/remapping/-/remapping-2.2.1.tgz#99e8e11851128b8702cd57c33684f1d0f260b630"
  integrity sha512-lFMjJTrFL3j7L9yBxwYfCq2k6qqwHyzuUl/XBnif78PWTJYyL/dfowQHWE3sp6U6ZzqWiiIZnpTMO96zhkjwtg==
  dependencies:
    "@jridgewell/gen-mapping" "^0.3.0"
    "@jridgewell/trace-mapping" "^0.3.9"

"@apollo/cache-control-types@^1.0.3":
  version "1.0.3"
  resolved "https://registry.yarnpkg.com/@apollo/cache-control-types/-/cache-control-types-1.0.3.tgz#5da62cf64c3b4419dabfef4536b57a40c8ff0b47"
  integrity sha512-F17/vCp7QVwom9eG7ToauIKdAxpSoadsJnqIfyryLFSkLSOEqu+eC5Z3N8OXcUVStuOMcNHlyraRsA6rRICu4g==

"@apollo/client@~3.2.5 || ~3.3.0 || ~3.4.0 || ~3.5.0 || ~3.6.0 || ~3.7.0":
  version "3.7.17"
  resolved "https://registry.yarnpkg.com/@apollo/client/-/client-3.7.17.tgz#1d2538729fd8ef138aa301a7cf62704474e57b72"
  integrity sha512-0EErSHEtKPNl5wgWikHJbKFAzJ/k11O0WO2QyqZSHpdxdAnw7UWHY4YiLbHCFG7lhrD+NTQ3Z/H9Jn4rcikoJA==
  dependencies:
    "@graphql-typed-document-node/core" "^3.1.1"
    "@wry/context" "^0.7.0"
    "@wry/equality" "^0.5.0"
    "@wry/trie" "^0.4.0"
    graphql-tag "^2.12.6"
    hoist-non-react-statics "^3.3.2"
    optimism "^0.16.2"
    prop-types "^15.7.2"
    response-iterator "^0.2.6"
    symbol-observable "^4.0.0"
    ts-invariant "^0.10.3"
    tslib "^2.3.0"
    zen-observable-ts "^1.2.5"

"@apollo/protobufjs@1.2.7":
  version "1.2.7"
  resolved "https://registry.yarnpkg.com/@apollo/protobufjs/-/protobufjs-1.2.7.tgz#3a8675512817e4a046a897e5f4f16415f16a7d8a"
  integrity sha512-Lahx5zntHPZia35myYDBRuF58tlwPskwHc5CWBZC/4bMKB6siTBWwtMrkqXcsNwQiFSzSx5hKdRPUmemrEp3Gg==
  dependencies:
    "@protobufjs/aspromise" "^1.1.2"
    "@protobufjs/base64" "^1.1.2"
    "@protobufjs/codegen" "^2.0.4"
    "@protobufjs/eventemitter" "^1.1.0"
    "@protobufjs/fetch" "^1.1.0"
    "@protobufjs/float" "^1.0.2"
    "@protobufjs/inquire" "^1.1.0"
    "@protobufjs/path" "^1.1.2"
    "@protobufjs/pool" "^1.1.0"
    "@protobufjs/utf8" "^1.1.0"
    "@types/long" "^4.0.0"
    long "^4.0.0"

"@apollo/server-gateway-interface@^1.1.1":
  version "1.1.1"
  resolved "https://registry.yarnpkg.com/@apollo/server-gateway-interface/-/server-gateway-interface-1.1.1.tgz#a79632aa921edefcd532589943f6b97c96fa4d3c"
  integrity sha512-pGwCl/po6+rxRmDMFgozKQo2pbsSwE91TpsDBAOgf74CRDPXHHtM88wbwjab0wMMZh95QfR45GGyDIdhY24bkQ==
  dependencies:
    "@apollo/usage-reporting-protobuf" "^4.1.1"
    "@apollo/utils.fetcher" "^2.0.0"
    "@apollo/utils.keyvaluecache" "^2.1.0"
    "@apollo/utils.logger" "^2.0.0"

"@apollo/server@^4.7.4":
  version "4.7.5"
  resolved "https://registry.yarnpkg.com/@apollo/server/-/server-4.7.5.tgz#b3f679dd50898f55b6d11dd61efb1f05e59503b5"
  integrity sha512-XobKpTnW/jbmr0DuJ+8zBzoeL6uEat4CkBN7kOCjhXEUuCNxiLrQGrWFVDqgV7bSdOJr6o2POmZYBPNQXLdyvA==
  dependencies:
    "@apollo/cache-control-types" "^1.0.3"
    "@apollo/server-gateway-interface" "^1.1.1"
    "@apollo/usage-reporting-protobuf" "^4.1.1"
    "@apollo/utils.createhash" "^2.0.0"
    "@apollo/utils.fetcher" "^2.0.0"
    "@apollo/utils.isnodelike" "^2.0.0"
    "@apollo/utils.keyvaluecache" "^2.1.0"
    "@apollo/utils.logger" "^2.0.0"
    "@apollo/utils.usagereporting" "^2.1.0"
    "@apollo/utils.withrequired" "^2.0.0"
    "@graphql-tools/schema" "^9.0.0"
    "@josephg/resolvable" "^1.0.0"
    "@types/express" "^4.17.13"
    "@types/express-serve-static-core" "^4.17.30"
    "@types/node-fetch" "^2.6.1"
    async-retry "^1.2.1"
    body-parser "^1.20.0"
    cors "^2.8.5"
    express "^4.17.1"
    loglevel "^1.6.8"
    lru-cache "^7.10.1"
    negotiator "^0.6.3"
    node-abort-controller "^3.1.1"
    node-fetch "^2.6.7"
    uuid "^9.0.0"
    whatwg-mimetype "^3.0.0"

"@apollo/usage-reporting-protobuf@^4.1.0", "@apollo/usage-reporting-protobuf@^4.1.1":
  version "4.1.1"
  resolved "https://registry.yarnpkg.com/@apollo/usage-reporting-protobuf/-/usage-reporting-protobuf-4.1.1.tgz#407c3d18c7fbed7a264f3b9a3812620b93499de1"
  integrity sha512-u40dIUePHaSKVshcedO7Wp+mPiZsaU6xjv9J+VyxpoU/zL6Jle+9zWeG98tr/+SZ0nZ4OXhrbb8SNr0rAPpIDA==
  dependencies:
    "@apollo/protobufjs" "1.2.7"

"@apollo/utils.createhash@^2.0.0":
  version "2.0.1"
  resolved "https://registry.yarnpkg.com/@apollo/utils.createhash/-/utils.createhash-2.0.1.tgz#9d982a166833ce08265ff70f8ef781d65109bdaa"
  integrity sha512-fQO4/ZOP8LcXWvMNhKiee+2KuKyqIcfHrICA+M4lj/h/Lh1H10ICcUtk6N/chnEo5HXu0yejg64wshdaiFitJg==
  dependencies:
    "@apollo/utils.isnodelike" "^2.0.1"
    sha.js "^2.4.11"

"@apollo/utils.dropunuseddefinitions@^2.0.1":
  version "2.0.1"
  resolved "https://registry.yarnpkg.com/@apollo/utils.dropunuseddefinitions/-/utils.dropunuseddefinitions-2.0.1.tgz#916cd912cbd88769d3b0eab2d24f4674eeda8124"
  integrity sha512-EsPIBqsSt2BwDsv8Wu76LK5R1KtsVkNoO4b0M5aK0hx+dGg9xJXuqlr7Fo34Dl+y83jmzn+UvEW+t1/GP2melA==

"@apollo/utils.fetcher@^2.0.0":
  version "2.0.1"
  resolved "https://registry.yarnpkg.com/@apollo/utils.fetcher/-/utils.fetcher-2.0.1.tgz#2f6e3edc8ce79fbe916110d9baaddad7e13d955f"
  integrity sha512-jvvon885hEyWXd4H6zpWeN3tl88QcWnHp5gWF5OPF34uhvoR+DFqcNxs9vrRaBBSY3qda3Qe0bdud7tz2zGx1A==

"@apollo/utils.isnodelike@^2.0.0", "@apollo/utils.isnodelike@^2.0.1":
  version "2.0.1"
  resolved "https://registry.yarnpkg.com/@apollo/utils.isnodelike/-/utils.isnodelike-2.0.1.tgz#08a7e50f08d2031122efa25af089d1c6ee609f31"
  integrity sha512-w41XyepR+jBEuVpoRM715N2ZD0xMD413UiJx8w5xnAZD2ZkSJnMJBoIzauK83kJpSgNuR6ywbV29jG9NmxjK0Q==

"@apollo/utils.keyvaluecache@^2.1.0":
  version "2.1.1"
  resolved "https://registry.yarnpkg.com/@apollo/utils.keyvaluecache/-/utils.keyvaluecache-2.1.1.tgz#f3f79a2f00520c6ab7a77a680a4e1fec4d19e1a6"
  integrity sha512-qVo5PvUUMD8oB9oYvq4ViCjYAMWnZ5zZwEjNF37L2m1u528x5mueMlU+Cr1UinupCgdB78g+egA1G98rbJ03Vw==
  dependencies:
    "@apollo/utils.logger" "^2.0.1"
    lru-cache "^7.14.1"

"@apollo/utils.logger@^2.0.0", "@apollo/utils.logger@^2.0.1":
  version "2.0.1"
  resolved "https://registry.yarnpkg.com/@apollo/utils.logger/-/utils.logger-2.0.1.tgz#74faeb97d7ad9f22282dfb465bcb2e6873b8a625"
  integrity sha512-YuplwLHaHf1oviidB7MxnCXAdHp3IqYV8n0momZ3JfLniae92eYqMIx+j5qJFX6WKJPs6q7bczmV4lXIsTu5Pg==

"@apollo/utils.printwithreducedwhitespace@^2.0.1":
  version "2.0.1"
  resolved "https://registry.yarnpkg.com/@apollo/utils.printwithreducedwhitespace/-/utils.printwithreducedwhitespace-2.0.1.tgz#f4fadea0ae849af2c19c339cc5420d1ddfaa905e"
  integrity sha512-9M4LUXV/fQBh8vZWlLvb/HyyhjJ77/I5ZKu+NBWV/BmYGyRmoEP9EVAy7LCVoY3t8BDcyCAGfxJaLFCSuQkPUg==

"@apollo/utils.removealiases@2.0.1":
  version "2.0.1"
  resolved "https://registry.yarnpkg.com/@apollo/utils.removealiases/-/utils.removealiases-2.0.1.tgz#2873c93d72d086c60fc0d77e23d0f75e66a2598f"
  integrity sha512-0joRc2HBO4u594Op1nev+mUF6yRnxoUH64xw8x3bX7n8QBDYdeYgY4tF0vJReTy+zdn2xv6fMsquATSgC722FA==

"@apollo/utils.sortast@^2.0.1":
  version "2.0.1"
  resolved "https://registry.yarnpkg.com/@apollo/utils.sortast/-/utils.sortast-2.0.1.tgz#58c90bb8bd24726346b61fa51ba7fcf06e922ef7"
  integrity sha512-eciIavsWpJ09za1pn37wpsCGrQNXUhM0TktnZmHwO+Zy9O4fu/WdB4+5BvVhFiZYOXvfjzJUcc+hsIV8RUOtMw==
  dependencies:
    lodash.sortby "^4.7.0"

"@apollo/utils.stripsensitiveliterals@^2.0.1":
  version "2.0.1"
  resolved "https://registry.yarnpkg.com/@apollo/utils.stripsensitiveliterals/-/utils.stripsensitiveliterals-2.0.1.tgz#2f3350483be376a98229f90185eaf19888323132"
  integrity sha512-QJs7HtzXS/JIPMKWimFnUMK7VjkGQTzqD9bKD1h3iuPAqLsxd0mUNVbkYOPTsDhUKgcvUOfOqOJWYohAKMvcSA==

"@apollo/utils.usagereporting@^2.1.0":
  version "2.1.0"
  resolved "https://registry.yarnpkg.com/@apollo/utils.usagereporting/-/utils.usagereporting-2.1.0.tgz#11bca6a61fcbc6e6d812004503b38916e74313f4"
  integrity sha512-LPSlBrn+S17oBy5eWkrRSGb98sWmnEzo3DPTZgp8IQc8sJe0prDgDuppGq4NeQlpoqEHz0hQeYHAOA0Z3aQsxQ==
  dependencies:
    "@apollo/usage-reporting-protobuf" "^4.1.0"
    "@apollo/utils.dropunuseddefinitions" "^2.0.1"
    "@apollo/utils.printwithreducedwhitespace" "^2.0.1"
    "@apollo/utils.removealiases" "2.0.1"
    "@apollo/utils.sortast" "^2.0.1"
    "@apollo/utils.stripsensitiveliterals" "^2.0.1"

"@apollo/utils.withrequired@^2.0.0":
  version "2.0.1"
  resolved "https://registry.yarnpkg.com/@apollo/utils.withrequired/-/utils.withrequired-2.0.1.tgz#e72bc512582a6f26af150439f7eb7473b46ba874"
  integrity sha512-YBDiuAX9i1lLc6GeTy1m7DGLFn/gMnvXqlalOIMjM7DeOgIacEjjfwPqb0M1CQ2v11HhR15d1NmxJoRCfrNqcA==

"@as-integrations/next@^2.0.0":
  version "2.0.1"
  resolved "https://registry.yarnpkg.com/@as-integrations/next/-/next-2.0.1.tgz#2ff01dc75c2d460defe87533b6c5c7c2dc05d4c7"
  integrity sha512-smtgZPkpWT0iOkSdH28BnOy69jZd6ILGiI3C56d3+6czbTwtcV2sgb2zweRqSd3vBzDPvA4mHkjsJZY7cXlZEA==

"@auth0/auth0-react@^2.1.1":
  version "2.1.1"
  resolved "https://registry.yarnpkg.com/@auth0/auth0-react/-/auth0-react-2.1.1.tgz#69caec80ddcde6f7312677e9522997441419e8ec"
  integrity sha512-KOFdTaFvashPX1o3h3ARYSCtR0qMya1ia57rSL2q7yggKv7PijHI/cKoG/gDvLA2G0M1qoCR3eACGDgHxstO3Q==
  dependencies:
    "@auth0/auth0-spa-js" "^2.0.8"

"@auth0/auth0-spa-js@^2.0.8":
  version "2.0.8"
  resolved "https://registry.yarnpkg.com/@auth0/auth0-spa-js/-/auth0-spa-js-2.0.8.tgz#42a8e5aad043e66dbba2a8fadc086a46bf0d021f"
  integrity sha512-qCgWZS58S69WCg2ybd+SDiaw3ahBVJ4/tSFWMtIpc//Fq8kRHGwMOmgpNKVAFrpHG0ck2oWFGrpylxoto8Z0mA==

"@aws-amplify/auth@^5.4.1":
  version "5.5.3"
  resolved "https://registry.yarnpkg.com/@aws-amplify/auth/-/auth-5.5.3.tgz#2189cdf4a86dced3d48f96d7c8eb791408100e77"
  integrity sha512-vmJg2ELCzTI7OgaHzLALBvJjtr2Oy/xTGibZK4Wwhuax6cgiVTBxp9nO+EOLwhNz/hYS5rtn56ceVoS67bE2Fg==
  dependencies:
    "@aws-amplify/core" "5.5.2"
    amazon-cognito-identity-js "6.3.1"
    tslib "^1.8.0"
    url "0.11.0"

"@aws-amplify/core@5.5.2":
  version "5.5.2"
  resolved "https://registry.yarnpkg.com/@aws-amplify/core/-/core-5.5.2.tgz#1ad23177a9ac3305eb10a75cf8b2ce0d2e482f14"
  integrity sha512-tX1N73LrmpsK5bkgzI6l1WmkSHofKFkhZ826k1yUTpGcMxx9o3DbuWSerbaEuEBBtcsSjnQMs9ob+vrpr1Xouw==
  dependencies:
    "@aws-crypto/sha256-js" "1.2.2"
    "@aws-sdk/client-cloudwatch-logs" "3.6.1"
    "@aws-sdk/types" "3.6.1"
    "@aws-sdk/util-hex-encoding" "3.6.1"
    isomorphic-unfetch "^3.0.0"
    react-native-url-polyfill "^1.3.0"
    tslib "^1.8.0"
    universal-cookie "^4.0.4"
    zen-observable-ts "0.8.19"

"@aws-crypto/ie11-detection@^1.0.0":
  version "1.0.0"
  resolved "https://registry.yarnpkg.com/@aws-crypto/ie11-detection/-/ie11-detection-1.0.0.tgz#d3a6af29ba7f15458f79c41d1cd8cac3925e726a"
  integrity sha512-kCKVhCF1oDxFYgQrxXmIrS5oaWulkvRcPz+QBDMsUr2crbF4VGgGT6+uQhSwJFdUAQ2A//Vq+uT83eJrkzFgXA==
  dependencies:
    tslib "^1.11.1"

"@aws-crypto/sha256-browser@^1.0.0":
  version "1.2.2"
  resolved "https://registry.yarnpkg.com/@aws-crypto/sha256-browser/-/sha256-browser-1.2.2.tgz#004d806e3bbae130046c259ec3279a02d4a0b576"
  integrity sha512-0tNR4kBtJp+9S0kis4+JLab3eg6QWuIeuPhzaYoYwNUXGBgsWIkktA2mnilet+EGWzf3n1zknJXC4X4DVyyXbg==
  dependencies:
    "@aws-crypto/ie11-detection" "^1.0.0"
    "@aws-crypto/sha256-js" "^1.2.2"
    "@aws-crypto/supports-web-crypto" "^1.0.0"
    "@aws-crypto/util" "^1.2.2"
    "@aws-sdk/types" "^3.1.0"
    "@aws-sdk/util-locate-window" "^3.0.0"
    tslib "^1.11.1"

"@aws-crypto/sha256-js@1.2.2", "@aws-crypto/sha256-js@^1.0.0", "@aws-crypto/sha256-js@^1.2.2":
  version "1.2.2"
  resolved "https://registry.yarnpkg.com/@aws-crypto/sha256-js/-/sha256-js-1.2.2.tgz#02acd1a1fda92896fc5a28ec7c6e164644ea32fc"
  integrity sha512-Nr1QJIbW/afYYGzYvrF70LtaHrIRtd4TNAglX8BvlfxJLZ45SAmueIKYl5tWoNBPzp65ymXGFK0Bb1vZUpuc9g==
  dependencies:
    "@aws-crypto/util" "^1.2.2"
    "@aws-sdk/types" "^3.1.0"
    tslib "^1.11.1"

"@aws-crypto/supports-web-crypto@^1.0.0":
  version "1.0.0"
  resolved "https://registry.yarnpkg.com/@aws-crypto/supports-web-crypto/-/supports-web-crypto-1.0.0.tgz#c40901bc17ac1e875e248df16a2b47ad8bfd9a93"
  integrity sha512-IHLfv+WmVH89EW4n6a5eE8/hUlz6qkWGMn/v4r5ZgzcXdTC5nolii2z3k46y01hWRiC2PPhOdeSLzMUCUMco7g==
  dependencies:
    tslib "^1.11.1"

"@aws-crypto/util@^1.2.2":
  version "1.2.2"
  resolved "https://registry.yarnpkg.com/@aws-crypto/util/-/util-1.2.2.tgz#b28f7897730eb6538b21c18bd4de22d0ea09003c"
  integrity sha512-H8PjG5WJ4wz0UXAFXeJjWCW1vkvIJ3qUUD+rGRwJ2/hj+xT58Qle2MTql/2MGzkU+1JLAFuR6aJpLAjHwhmwwg==
  dependencies:
    "@aws-sdk/types" "^3.1.0"
    "@aws-sdk/util-utf8-browser" "^3.0.0"
    tslib "^1.11.1"

"@aws-sdk/abort-controller@3.6.1":
  version "3.6.1"
  resolved "https://registry.yarnpkg.com/@aws-sdk/abort-controller/-/abort-controller-3.6.1.tgz#75812875bbef6ad17e0e3a6d96aab9df636376f9"
  integrity sha512-X81XkxX/2Tvv9YNcEto/rcQzPIdKJHFSnl9hBl/qkSdCFV/GaQ2XNWfKm5qFXMLlZNFS0Fn5CnBJ83qnBm47vg==
  dependencies:
    "@aws-sdk/types" "3.6.1"
    tslib "^1.8.0"

"@aws-sdk/client-cloudwatch-logs@3.6.1":
  version "3.6.1"
  resolved "https://registry.yarnpkg.com/@aws-sdk/client-cloudwatch-logs/-/client-cloudwatch-logs-3.6.1.tgz#5e8dba495a2ba9a901b0a1a2d53edef8bd452398"
  integrity sha512-QOxIDnlVTpnwJ26Gap6RGz61cDLH6TKrIp30VqwdMeT1pCGy8mn9rWln6XA+ymkofHy/08RfpGp+VN4axwd4Lw==
  dependencies:
    "@aws-crypto/sha256-browser" "^1.0.0"
    "@aws-crypto/sha256-js" "^1.0.0"
    "@aws-sdk/config-resolver" "3.6.1"
    "@aws-sdk/credential-provider-node" "3.6.1"
    "@aws-sdk/fetch-http-handler" "3.6.1"
    "@aws-sdk/hash-node" "3.6.1"
    "@aws-sdk/invalid-dependency" "3.6.1"
    "@aws-sdk/middleware-content-length" "3.6.1"
    "@aws-sdk/middleware-host-header" "3.6.1"
    "@aws-sdk/middleware-logger" "3.6.1"
    "@aws-sdk/middleware-retry" "3.6.1"
    "@aws-sdk/middleware-serde" "3.6.1"
    "@aws-sdk/middleware-signing" "3.6.1"
    "@aws-sdk/middleware-stack" "3.6.1"
    "@aws-sdk/middleware-user-agent" "3.6.1"
    "@aws-sdk/node-config-provider" "3.6.1"
    "@aws-sdk/node-http-handler" "3.6.1"
    "@aws-sdk/protocol-http" "3.6.1"
    "@aws-sdk/smithy-client" "3.6.1"
    "@aws-sdk/types" "3.6.1"
    "@aws-sdk/url-parser" "3.6.1"
    "@aws-sdk/url-parser-native" "3.6.1"
    "@aws-sdk/util-base64-browser" "3.6.1"
    "@aws-sdk/util-base64-node" "3.6.1"
    "@aws-sdk/util-body-length-browser" "3.6.1"
    "